{
  "nodes": {
    "flake-utils": {
      "inputs": {
        "systems": "systems"
      },
      "locked": {
        "lastModified": 1694529238,
        "narHash": "sha256-zsNZZGTGnMOf9YpHKJqMSsa0dXbfmxeoJ7xHlrt+xmY=",
        "owner": "numtide",
        "repo": "flake-utils",
        "rev": "ff7b65b44d01cf9ba6a71320833626af21126384",
        "type": "github"
      },
      "original": {
        "owner": "numtide",
        "repo": "flake-utils",
        "type": "github"
      }
    },
    "nixfzf": {
      "inputs": {
        "flake-utils": "flake-utils",
        "nixpkgs": "nixpkgs"
      },
      "locked": {
        "lastModified": 1739533419,
        "narHash": "sha256-7b3uiOBnTRscRQwbn4W4jc5q81aPdC79WdL7cqnaL4Y=",
        "owner": "MathiasSven",
        "repo": "nixfzf",
        "rev": "6476ada4e2bdc37978d2059cd23a98426b49ea06",
        "type": "github"
      },
      "original": {
        "owner": "MathiasSven",
        "ref": "nix",
        "repo": "nixfzf",
        "type": "github"
      }
    },
    "nixpkgs": {
      "locked": {
        "lastModified": 1700444282,
        "narHash": "sha256-s/+tgT+Iz0LZO+nBvSms+xsMqvHt2LqYniG9r+CYyJc=",
        "owner": "NixOS",
        "repo": "nixpkgs",
        "rev": "3f21a22b5aafefa1845dec6f4a378a8f53d8681c",
        "type": "github"
      },
      "original": {
        "owner": "NixOS",
        "ref": "nixpkgs-unstable",
        "repo": "nixpkgs",
        "type": "github"
      }
    },
    "nixpkgs_2": {
      "locked": {
        "lastModified": 1739214665,
        "narHash": "sha256-26L8VAu3/1YRxS8MHgBOyOM8xALdo6N0I04PgorE7UM=",
        "path": "/nix/store/zbvf6xwri9kvf42xl3vai3mx8jry6ax8-source",
        "rev": "64e75cd44acf21c7933d61d7721e812eac1b5a0a",
        "type": "path"
      },
      "original": {
        "id": "nixpkgs",
        "type": "indirect"
      }
    },
    "root": {
      "inputs": {
        "nixfzf": "nixfzf",
        "nixpkgs": "nixpkgs_2"
      }
    },
    "systems": {
      "locked": {
        "lastModified": 1681028828,
        "narHash": "sha256-Vy1rq5AaRuLzOxct8nz4T6wlgyUR7zLU309k9mBC768=",
        "owner": "nix-systems",
        "repo": "default",
        "rev": "da67096a3b9bf56a91d16901293e51ba5b49a27e",
        "type": "github"
      },
      "original": {
        "owner": "nix-systems",
        "repo": "default",
        "type": "github"
      }
    }
  },
  "root": "root",
  "version": 7
}
